
Microsoft Visual Studio Solution File, Format Version 12.00
# Visual Studio Version 16
VisualStudioVersion = 16.0.30717.126
MinimumVisualStudioVersion = 10.0.40219.1
Project("{FAE04EC0-301F-11D3-BF4B-00C04F79EFBC}") = "BlazorStaticTest", "BlazorStaticTest\BlazorStaticTest.csproj", "{6169F02E-67AE-47A6-A16F-FDD890185D92}"
EndProject
Project("{FAE04EC0-301F-11D3-BF4B-00C04F79EFBC}") = "SwitchBoard", "SwitchBoard\SwitchBoard.csproj", "{9CB1A15E-9506-4352-AFA3-71D6B75E5435}"
EndProject
Global
	GlobalSection(SolutionConfigurationPlatforms) = preSolution
		Debug|Any CPU = Debug|Any CPU
		Release|Any CPU = Release|Any CPU
	EndGlobalSection
	GlobalSection(ProjectConfigurationPlatforms) = postSolution
		{6169F02E-67AE-47A6-A16F-FDD890185D92}.Debug|Any CPU.ActiveCfg = Debug|Any CPU
		{6169F02E-67AE-47A6-A16F-FDD890185D92}.Debug|Any CPU.Build.0 = Debug|Any CPU
		{6169F02E-67AE-47A6-A16F-FDD890185D92}.Release|Any CPU.ActiveCfg = Release|Any CPU
		{6169F02E-67AE-47A6-A16F-FDD890185D92}.Release|Any CPU.Build.0 = Release|Any CPU
		{9CB1A15E-9506-4352-AFA3-71D6B75E5435}.Debug|Any CPU.ActiveCfg = Debug|Any CPU
		{9CB1A15E-9506-4352-AFA3-71D6B75E5435}.Debug|Any CPU.Build.0 = Debug|Any CPU
		{9CB1A15E-9506-4352-AFA3-71D6B75E5435}.Release|Any CPU.ActiveCfg = Release|Any CPU
		{9CB1A15E-9506-4352-AFA3-71D6B75E5435}.Release|Any CPU.Build.0 = Release|Any CPU
	EndGlobalSection
	GlobalSection(SolutionProperties) = preSolution
		HideSolutionNode = FALSE
	EndGlobalSection
	GlobalSection(ExtensibilityGlobals) = postSolution
		SolutionGuid = {6E8BBD16-4652-4A8B-B5DA-D329B9346B92}
	EndGlobalSection
EndGlobal
